
Microsoft Visual Studio Solution File, Format Version 12.00
# Visual Studio Version 16
VisualStudioVersion = 16.0.30128.74
MinimumVisualStudioVersion = 10.0.40219.1
Project("{FAE04EC0-301F-11D3-BF4B-00C04F79EFBC}") = "MG.KSI.Server", "MG.KSI.Server\MG.KSI.Server.csproj", "{1C1E3DE1-EFD9-4411-B2C2-16628CCAC683}"
EndProject
Project("{FAE04EC0-301F-11D3-BF4B-00C04F79EFBC}") = "MG.KSI.Client", "MG.KSI.Client\MG.KSI.Client.csproj", "{CDA5D355-B741-4EDE-9910-FF9085824CF6}"
EndProject
Project("{FAE04EC0-301F-11D3-BF4B-00C04F79EFBC}") = "Common", "Common\Common.csproj", "{05951095-B8E9-4289-B0DB-6CB02F6189FF}"
EndProject
Global
	GlobalSection(SolutionConfigurationPlatforms) = preSolution
		Debug|Any CPU = Debug|Any CPU
		Release|Any CPU = Release|Any CPU
	EndGlobalSection
	GlobalSection(ProjectConfigurationPlatforms) = postSolution
		{1C1E3DE1-EFD9-4411-B2C2-16628CCAC683}.Debug|Any CPU.ActiveCfg = Debug|Any CPU
		{1C1E3DE1-EFD9-4411-B2C2-16628CCAC683}.Debug|Any CPU.Build.0 = Debug|Any CPU
		{1C1E3DE1-EFD9-4411-B2C2-16628CCAC683}.Release|Any CPU.ActiveCfg = Release|Any CPU
		{1C1E3DE1-EFD9-4411-B2C2-16628CCAC683}.Release|Any CPU.Build.0 = Release|Any CPU
		{CDA5D355-B741-4EDE-9910-FF9085824CF6}.Debug|Any CPU.ActiveCfg = Debug|Any CPU
		{CDA5D355-B741-4EDE-9910-FF9085824CF6}.Debug|Any CPU.Build.0 = Debug|Any CPU
		{CDA5D355-B741-4EDE-9910-FF9085824CF6}.Release|Any CPU.ActiveCfg = Release|Any CPU
		{CDA5D355-B741-4EDE-9910-FF9085824CF6}.Release|Any CPU.Build.0 = Release|Any CPU
		{05951095-B8E9-4289-B0DB-6CB02F6189FF}.Debug|Any CPU.ActiveCfg = Debug|Any CPU
		{05951095-B8E9-4289-B0DB-6CB02F6189FF}.Debug|Any CPU.Build.0 = Debug|Any CPU
		{05951095-B8E9-4289-B0DB-6CB02F6189FF}.Release|Any CPU.ActiveCfg = Release|Any CPU
		{05951095-B8E9-4289-B0DB-6CB02F6189FF}.Release|Any CPU.Build.0 = Release|Any CPU
	EndGlobalSection
	GlobalSection(SolutionProperties) = preSolution
		HideSolutionNode = FALSE
	EndGlobalSection
	GlobalSection(ExtensibilityGlobals) = postSolution
		SolutionGuid = {B380106C-0920-4B4B-943F-2B7126431366}
	EndGlobalSection
EndGlobal
