
Microsoft Visual Studio Solution File, Format Version 12.00
# Visual Studio Version 16
VisualStudioVersion = 16.0.30128.74
MinimumVisualStudioVersion = 10.0.40219.1
Project("{9A19103F-16F7-4668-BE54-9A1E7A4F7556}") = "MG.KSI.FakeServer", "MG.KSI.FakeServer\MG.KSI.FakeServer.csproj", "{1C1E3DE1-EFD9-4411-B2C2-16628CCAC683}"
EndProject
Project("{9A19103F-16F7-4668-BE54-9A1E7A4F7556}") = "MG.KSI.Service", "MG.KSI.Service\MG.KSI.Service.csproj", "{CDA5D355-B741-4EDE-9910-FF9085824CF6}"
EndProject
Project("{9A19103F-16F7-4668-BE54-9A1E7A4F7556}") = "Common", "Common\Common.csproj", "{05951095-B8E9-4289-B0DB-6CB02F6189FF}"
EndProject
Project("{2150E333-8FDC-42A3-9474-1A3956D46DE8}") = "EventBus", "EventBus", "{61CD6583-79C6-405F-B088-845786B3CB99}"
EndProject
Project("{9A19103F-16F7-4668-BE54-9A1E7A4F7556}") = "MG.EventBus.Contracts", "MG.EventBus.Contracts\MG.EventBus.Contracts.csproj", "{255D51FF-5FC0-4976-8AE1-59D85A4819EA}"
EndProject
Project("{9A19103F-16F7-4668-BE54-9A1E7A4F7556}") = "MG.EventBus.Components", "MG.EventBus.Components\MG.EventBus.Components.csproj", "{F9478AE1-7EE5-4769-8C50-8CF34436EF3D}"
EndProject
Project("{9A19103F-16F7-4668-BE54-9A1E7A4F7556}") = "MG.EventBus.Startup", "MG.EventBus.Startup\MG.EventBus.Startup.csproj", "{6C26248F-F072-4070-A6CE-9318730CC9DA}"
EndProject
Project("{9A19103F-16F7-4668-BE54-9A1E7A4F7556}") = "Producer", "Producer\Producer.csproj", "{A361270B-A632-4BA7-A044-76CBACB72603}"
EndProject
Project("{9A19103F-16F7-4668-BE54-9A1E7A4F7556}") = "MG.KSI.DAO", "MG.KSI.DAO\MG.KSI.DAO.csproj", "{D502A07F-4215-4D05-92FA-4A86407DDFB9}"
EndProject
Project("{9A19103F-16F7-4668-BE54-9A1E7A4F7556}") = "Consumer.WindowsService", "Consumer.WindowsService\Consumer.WindowsService.csproj", "{53D0CA1E-D45C-4823-B09F-53CD731A408D}"
EndProject
Project("{9A19103F-16F7-4668-BE54-9A1E7A4F7556}") = "MG.KSI.Service.Tests", "MG.KSI.Service.Tests\MG.KSI.Service.Tests.csproj", "{22A102DD-224B-4D35-A535-12E94B1522A6}"
EndProject
Project("{FAE04EC0-301F-11D3-BF4B-00C04F79EFBC}") = "MG.KeyBox.Emulator.Service", "MG.KeyBox.Emulator.Service\MG.KeyBox.Emulator.Service.csproj", "{AE56DF5E-BC69-4B3F-BECE-53CCA1D815C4}"
EndProject
Global
	GlobalSection(SolutionConfigurationPlatforms) = preSolution
		Debug|Any CPU = Debug|Any CPU
		Release|Any CPU = Release|Any CPU
	EndGlobalSection
	GlobalSection(ProjectConfigurationPlatforms) = postSolution
		{1C1E3DE1-EFD9-4411-B2C2-16628CCAC683}.Debug|Any CPU.ActiveCfg = Debug|Any CPU
		{1C1E3DE1-EFD9-4411-B2C2-16628CCAC683}.Debug|Any CPU.Build.0 = Debug|Any CPU
		{1C1E3DE1-EFD9-4411-B2C2-16628CCAC683}.Release|Any CPU.ActiveCfg = Release|Any CPU
		{1C1E3DE1-EFD9-4411-B2C2-16628CCAC683}.Release|Any CPU.Build.0 = Release|Any CPU
		{CDA5D355-B741-4EDE-9910-FF9085824CF6}.Debug|Any CPU.ActiveCfg = Debug|Any CPU
		{CDA5D355-B741-4EDE-9910-FF9085824CF6}.Debug|Any CPU.Build.0 = Debug|Any CPU
		{CDA5D355-B741-4EDE-9910-FF9085824CF6}.Release|Any CPU.ActiveCfg = Release|Any CPU
		{CDA5D355-B741-4EDE-9910-FF9085824CF6}.Release|Any CPU.Build.0 = Release|Any CPU
		{05951095-B8E9-4289-B0DB-6CB02F6189FF}.Debug|Any CPU.ActiveCfg = Debug|Any CPU
		{05951095-B8E9-4289-B0DB-6CB02F6189FF}.Debug|Any CPU.Build.0 = Debug|Any CPU
		{05951095-B8E9-4289-B0DB-6CB02F6189FF}.Release|Any CPU.ActiveCfg = Release|Any CPU
		{05951095-B8E9-4289-B0DB-6CB02F6189FF}.Release|Any CPU.Build.0 = Release|Any CPU
		{255D51FF-5FC0-4976-8AE1-59D85A4819EA}.Debug|Any CPU.ActiveCfg = Debug|Any CPU
		{255D51FF-5FC0-4976-8AE1-59D85A4819EA}.Debug|Any CPU.Build.0 = Debug|Any CPU
		{255D51FF-5FC0-4976-8AE1-59D85A4819EA}.Release|Any CPU.ActiveCfg = Release|Any CPU
		{255D51FF-5FC0-4976-8AE1-59D85A4819EA}.Release|Any CPU.Build.0 = Release|Any CPU
		{F9478AE1-7EE5-4769-8C50-8CF34436EF3D}.Debug|Any CPU.ActiveCfg = Debug|Any CPU
		{F9478AE1-7EE5-4769-8C50-8CF34436EF3D}.Debug|Any CPU.Build.0 = Debug|Any CPU
		{F9478AE1-7EE5-4769-8C50-8CF34436EF3D}.Release|Any CPU.ActiveCfg = Release|Any CPU
		{F9478AE1-7EE5-4769-8C50-8CF34436EF3D}.Release|Any CPU.Build.0 = Release|Any CPU
		{6C26248F-F072-4070-A6CE-9318730CC9DA}.Debug|Any CPU.ActiveCfg = Debug|Any CPU
		{6C26248F-F072-4070-A6CE-9318730CC9DA}.Debug|Any CPU.Build.0 = Debug|Any CPU
		{6C26248F-F072-4070-A6CE-9318730CC9DA}.Release|Any CPU.ActiveCfg = Release|Any CPU
		{6C26248F-F072-4070-A6CE-9318730CC9DA}.Release|Any CPU.Build.0 = Release|Any CPU
		{A361270B-A632-4BA7-A044-76CBACB72603}.Debug|Any CPU.ActiveCfg = Debug|Any CPU
		{A361270B-A632-4BA7-A044-76CBACB72603}.Debug|Any CPU.Build.0 = Debug|Any CPU
		{A361270B-A632-4BA7-A044-76CBACB72603}.Release|Any CPU.ActiveCfg = Release|Any CPU
		{A361270B-A632-4BA7-A044-76CBACB72603}.Release|Any CPU.Build.0 = Release|Any CPU
		{D502A07F-4215-4D05-92FA-4A86407DDFB9}.Debug|Any CPU.ActiveCfg = Debug|Any CPU
		{D502A07F-4215-4D05-92FA-4A86407DDFB9}.Debug|Any CPU.Build.0 = Debug|Any CPU
		{D502A07F-4215-4D05-92FA-4A86407DDFB9}.Release|Any CPU.ActiveCfg = Release|Any CPU
		{D502A07F-4215-4D05-92FA-4A86407DDFB9}.Release|Any CPU.Build.0 = Release|Any CPU
		{53D0CA1E-D45C-4823-B09F-53CD731A408D}.Debug|Any CPU.ActiveCfg = Debug|Any CPU
		{53D0CA1E-D45C-4823-B09F-53CD731A408D}.Debug|Any CPU.Build.0 = Debug|Any CPU
		{53D0CA1E-D45C-4823-B09F-53CD731A408D}.Release|Any CPU.ActiveCfg = Release|Any CPU
		{53D0CA1E-D45C-4823-B09F-53CD731A408D}.Release|Any CPU.Build.0 = Release|Any CPU
		{22A102DD-224B-4D35-A535-12E94B1522A6}.Debug|Any CPU.ActiveCfg = Debug|Any CPU
		{22A102DD-224B-4D35-A535-12E94B1522A6}.Debug|Any CPU.Build.0 = Debug|Any CPU
		{22A102DD-224B-4D35-A535-12E94B1522A6}.Release|Any CPU.ActiveCfg = Release|Any CPU
		{22A102DD-224B-4D35-A535-12E94B1522A6}.Release|Any CPU.Build.0 = Release|Any CPU
		{AE56DF5E-BC69-4B3F-BECE-53CCA1D815C4}.Debug|Any CPU.ActiveCfg = Debug|Any CPU
		{AE56DF5E-BC69-4B3F-BECE-53CCA1D815C4}.Debug|Any CPU.Build.0 = Debug|Any CPU
		{AE56DF5E-BC69-4B3F-BECE-53CCA1D815C4}.Release|Any CPU.ActiveCfg = Release|Any CPU
		{AE56DF5E-BC69-4B3F-BECE-53CCA1D815C4}.Release|Any CPU.Build.0 = Release|Any CPU
	EndGlobalSection
	GlobalSection(SolutionProperties) = preSolution
		HideSolutionNode = FALSE
	EndGlobalSection
	GlobalSection(NestedProjects) = preSolution
		{255D51FF-5FC0-4976-8AE1-59D85A4819EA} = {61CD6583-79C6-405F-B088-845786B3CB99}
		{F9478AE1-7EE5-4769-8C50-8CF34436EF3D} = {61CD6583-79C6-405F-B088-845786B3CB99}
		{6C26248F-F072-4070-A6CE-9318730CC9DA} = {61CD6583-79C6-405F-B088-845786B3CB99}
	EndGlobalSection
	GlobalSection(ExtensibilityGlobals) = postSolution
		SolutionGuid = {B380106C-0920-4B4B-943F-2B7126431366}
	EndGlobalSection
EndGlobal
